
Microsoft Visual Studio Solution File, Format Version 12.00
# Visual Studio Version 17
VisualStudioVersion = 17.8.34330.188
MinimumVisualStudioVersion = 10.0.40219.1
Project("{9A19103F-16F7-4668-BE54-9A1E7A4F7556}") = "EjemploModelado.Web", "EjemploModelado.Web\EjemploModelado.Web.csproj", "{C2A68EFD-CA92-42D6-A110-AFB1DF092150}"
EndProject
Global
	GlobalSection(SolutionConfigurationPlatforms) = preSolution
		Debug|Any CPU = Debug|Any CPU
		Release|Any CPU = Release|Any CPU
	EndGlobalSection
	GlobalSection(ProjectConfigurationPlatforms) = postSolution
		{C2A68EFD-CA92-42D6-A110-AFB1DF092150}.Debug|Any CPU.ActiveCfg = Debug|Any CPU
		{C2A68EFD-CA92-42D6-A110-AFB1DF092150}.Debug|Any CPU.Build.0 = Debug|Any CPU
		{C2A68EFD-CA92-42D6-A110-AFB1DF092150}.Release|Any CPU.ActiveCfg = Release|Any CPU
		{C2A68EFD-CA92-42D6-A110-AFB1DF092150}.Release|Any CPU.Build.0 = Release|Any CPU
	EndGlobalSection
	GlobalSection(SolutionProperties) = preSolution
		HideSolutionNode = FALSE
	EndGlobalSection
	GlobalSection(ExtensibilityGlobals) = postSolution
		SolutionGuid = {33043C42-61A9-4EE1-8483-5716FD1B1FD9}
	EndGlobalSection
EndGlobal
