
Microsoft Visual Studio Solution File, Format Version 12.00
# Visual Studio Version 17
VisualStudioVersion = 17.8.34330.188
MinimumVisualStudioVersion = 10.0.40219.1
Project("{9A19103F-16F7-4668-BE54-9A1E7A4F7556}") = "EjemploModelado.Builder", "EjemploModelado.Builder\EjemploModelado.Builder.csproj", "{B5E2D9F8-DA59-46CF-B024-9A7F7C1C15D7}"
EndProject
Project("{9A19103F-16F7-4668-BE54-9A1E7A4F7556}") = "BuilderAPI", "..\..\..\Desktop\Programming\BuilderComputadoraAPI\BuilderAPI\BuilderAPI.csproj", "{49F38353-3BD2-422A-90AE-141833916C92}"
EndProject
Project("{FAE04EC0-301F-11D3-BF4B-00C04F79EFBC}") = "EjemploModelado.Web", "EjemploModelado.Web\EjemploModelado.Web.csproj", "{62333E4E-727F-49BF-A8A1-A8399197E2BE}"
EndProject
Global
	GlobalSection(SolutionConfigurationPlatforms) = preSolution
		Debug|Any CPU = Debug|Any CPU
		Release|Any CPU = Release|Any CPU
	EndGlobalSection
	GlobalSection(ProjectConfigurationPlatforms) = postSolution
		{B5E2D9F8-DA59-46CF-B024-9A7F7C1C15D7}.Debug|Any CPU.ActiveCfg = Debug|Any CPU
		{B5E2D9F8-DA59-46CF-B024-9A7F7C1C15D7}.Debug|Any CPU.Build.0 = Debug|Any CPU
		{B5E2D9F8-DA59-46CF-B024-9A7F7C1C15D7}.Release|Any CPU.ActiveCfg = Release|Any CPU
		{B5E2D9F8-DA59-46CF-B024-9A7F7C1C15D7}.Release|Any CPU.Build.0 = Release|Any CPU
		{49F38353-3BD2-422A-90AE-141833916C92}.Debug|Any CPU.ActiveCfg = Debug|Any CPU
		{49F38353-3BD2-422A-90AE-141833916C92}.Debug|Any CPU.Build.0 = Debug|Any CPU
		{49F38353-3BD2-422A-90AE-141833916C92}.Release|Any CPU.ActiveCfg = Release|Any CPU
		{49F38353-3BD2-422A-90AE-141833916C92}.Release|Any CPU.Build.0 = Release|Any CPU
		{62333E4E-727F-49BF-A8A1-A8399197E2BE}.Debug|Any CPU.ActiveCfg = Debug|Any CPU
		{62333E4E-727F-49BF-A8A1-A8399197E2BE}.Debug|Any CPU.Build.0 = Debug|Any CPU
		{62333E4E-727F-49BF-A8A1-A8399197E2BE}.Release|Any CPU.ActiveCfg = Release|Any CPU
		{62333E4E-727F-49BF-A8A1-A8399197E2BE}.Release|Any CPU.Build.0 = Release|Any CPU
	EndGlobalSection
	GlobalSection(SolutionProperties) = preSolution
		HideSolutionNode = FALSE
	EndGlobalSection
	GlobalSection(ExtensibilityGlobals) = postSolution
		SolutionGuid = {33043C42-61A9-4EE1-8483-5716FD1B1FD9}
	EndGlobalSection
EndGlobal
